
Microsoft Visual Studio Solution File, Format Version 12.00
Project("{FAE04EC0-301F-11D3-BF4B-00C04F79EFBC}") = "Lab1", "Lab1\Lab1.csproj", "{38C7CE9D-C327-4710-AD7A-BE080569A6F8}"
EndProject
Project("{FAE04EC0-301F-11D3-BF4B-00C04F79EFBC}") = "Lab1.Tests", "Lab1.Tests\Lab1.Tests.csproj", "{D14DF174-8CC3-4C1C-AC0E-EA62E7DB8528}"
EndProject
Project("{FAE04EC0-301F-11D3-BF4B-00C04F79EFBC}") = "Lab2", "Lab2\Lab2.csproj", "{104CB819-D5EA-4088-A078-B7ED4222409F}"
EndProject
Global
	GlobalSection(SolutionConfigurationPlatforms) = preSolution
		Debug|Any CPU = Debug|Any CPU
		Release|Any CPU = Release|Any CPU
	EndGlobalSection
	GlobalSection(ProjectConfigurationPlatforms) = postSolution
		{38C7CE9D-C327-4710-AD7A-BE080569A6F8}.Debug|Any CPU.ActiveCfg = Debug|Any CPU
		{38C7CE9D-C327-4710-AD7A-BE080569A6F8}.Debug|Any CPU.Build.0 = Debug|Any CPU
		{38C7CE9D-C327-4710-AD7A-BE080569A6F8}.Release|Any CPU.ActiveCfg = Release|Any CPU
		{38C7CE9D-C327-4710-AD7A-BE080569A6F8}.Release|Any CPU.Build.0 = Release|Any CPU
		{D14DF174-8CC3-4C1C-AC0E-EA62E7DB8528}.Debug|Any CPU.ActiveCfg = Debug|Any CPU
		{D14DF174-8CC3-4C1C-AC0E-EA62E7DB8528}.Debug|Any CPU.Build.0 = Debug|Any CPU
		{D14DF174-8CC3-4C1C-AC0E-EA62E7DB8528}.Release|Any CPU.ActiveCfg = Release|Any CPU
		{D14DF174-8CC3-4C1C-AC0E-EA62E7DB8528}.Release|Any CPU.Build.0 = Release|Any CPU
		{104CB819-D5EA-4088-A078-B7ED4222409F}.Debug|Any CPU.ActiveCfg = Debug|Any CPU
		{104CB819-D5EA-4088-A078-B7ED4222409F}.Debug|Any CPU.Build.0 = Debug|Any CPU
		{104CB819-D5EA-4088-A078-B7ED4222409F}.Release|Any CPU.ActiveCfg = Release|Any CPU
		{104CB819-D5EA-4088-A078-B7ED4222409F}.Release|Any CPU.Build.0 = Release|Any CPU
	EndGlobalSection
EndGlobal
